
Microsoft Visual Studio Solution File, Format Version 12.00
# Visual Studio Version 17
VisualStudioVersion = 17.14.36414.22
MinimumVisualStudioVersion = 10.0.40219.1
Project("{2150E333-8FDC-42A3-9474-1A3956D46DE8}") = "Task0", "Task0", "{02EA681E-C7D8-13C7-8484-4AC65E1B71E8}"
EndProject
Project("{FAE04EC0-301F-11D3-BF4B-00C04F79EFBC}") = "Tyuiu.MolokanovNK.Sprint4.Task0.V5", "Tyuiu.MolokanovNK.Sprint4.Task0.V5\Tyuiu.MolokanovNK.Sprint4.Task0.V5.csproj", "{1FE7F855-27F2-4C1D-B6CB-7346CB99B29A}"
EndProject
Project("{FAE04EC0-301F-11D3-BF4B-00C04F79EFBC}") = "Tyuiu.MolokanovNK.Sprint4.Task0.V5.Lib", "Tyuiu.MolokanovNK.Sprint4.Task0.V5.Lib\Tyuiu.MolokanovNK.Sprint4.Task0.V5.Lib.csproj", "{D277D83E-CDC6-4F3A-8E1F-314C52F987D9}"
EndProject
Project("{FAE04EC0-301F-11D3-BF4B-00C04F79EFBC}") = "Tyuiu.MolokanovNK.Sprint4.Task0.V5.Test", "Tyuiu.MolokanovNK.Sprint4.Task0.V5.Test\Tyuiu.MolokanovNK.Sprint4.Task0.V5.Test.csproj", "{ADA91E19-D19B-40C6-9F30-A762E7AB5C59}"
EndProject
Project("{2150E333-8FDC-42A3-9474-1A3956D46DE8}") = "Task1", "Task1", "{E3050090-C084-4D26-A683-B2BAC19D78C2}"
EndProject
Project("{FAE04EC0-301F-11D3-BF4B-00C04F79EFBC}") = "Tyuiu.MolokanovNK.Sprint4.Task1.V26", "Tyuiu.MolokanovNK.Sprint4.Task1.V26\Tyuiu.MolokanovNK.Sprint4.Task1.V26.csproj", "{F7A7BB97-5AA1-4A23-969D-0160C486BEFF}"
EndProject
Project("{FAE04EC0-301F-11D3-BF4B-00C04F79EFBC}") = "Tyuiu.MolokanovNK.Sprint4.Task1.V26.Lib", "Tyuiu.MolokanovNK.Sprint4.Task1.V26.Lib\Tyuiu.MolokanovNK.Sprint4.Task1.V26.Lib.csproj", "{CF1B8AEE-FFF4-439D-8F67-EB73D4E012C7}"
EndProject
Project("{FAE04EC0-301F-11D3-BF4B-00C04F79EFBC}") = "Tyuiu.MolokanovNK.Sprint4.Task1.V26.Test", "Tyuiu.MolokanovNK.Sprint4.Task1.V26.Test\Tyuiu.MolokanovNK.Sprint4.Task1.V26.Test.csproj", "{7EE55835-3D44-44EB-ADA3-F09C02FF42F3}"
EndProject
Global
	GlobalSection(SolutionConfigurationPlatforms) = preSolution
		Debug|Any CPU = Debug|Any CPU
		Release|Any CPU = Release|Any CPU
	EndGlobalSection
	GlobalSection(ProjectConfigurationPlatforms) = postSolution
		{1FE7F855-27F2-4C1D-B6CB-7346CB99B29A}.Debug|Any CPU.ActiveCfg = Debug|Any CPU
		{1FE7F855-27F2-4C1D-B6CB-7346CB99B29A}.Debug|Any CPU.Build.0 = Debug|Any CPU
		{1FE7F855-27F2-4C1D-B6CB-7346CB99B29A}.Release|Any CPU.ActiveCfg = Release|Any CPU
		{1FE7F855-27F2-4C1D-B6CB-7346CB99B29A}.Release|Any CPU.Build.0 = Release|Any CPU
		{D277D83E-CDC6-4F3A-8E1F-314C52F987D9}.Debug|Any CPU.ActiveCfg = Debug|Any CPU
		{D277D83E-CDC6-4F3A-8E1F-314C52F987D9}.Debug|Any CPU.Build.0 = Debug|Any CPU
		{D277D83E-CDC6-4F3A-8E1F-314C52F987D9}.Release|Any CPU.ActiveCfg = Release|Any CPU
		{D277D83E-CDC6-4F3A-8E1F-314C52F987D9}.Release|Any CPU.Build.0 = Release|Any CPU
		{ADA91E19-D19B-40C6-9F30-A762E7AB5C59}.Debug|Any CPU.ActiveCfg = Debug|Any CPU
		{ADA91E19-D19B-40C6-9F30-A762E7AB5C59}.Debug|Any CPU.Build.0 = Debug|Any CPU
		{ADA91E19-D19B-40C6-9F30-A762E7AB5C59}.Release|Any CPU.ActiveCfg = Release|Any CPU
		{ADA91E19-D19B-40C6-9F30-A762E7AB5C59}.Release|Any CPU.Build.0 = Release|Any CPU
		{F7A7BB97-5AA1-4A23-969D-0160C486BEFF}.Debug|Any CPU.ActiveCfg = Debug|Any CPU
		{F7A7BB97-5AA1-4A23-969D-0160C486BEFF}.Debug|Any CPU.Build.0 = Debug|Any CPU
		{F7A7BB97-5AA1-4A23-969D-0160C486BEFF}.Release|Any CPU.ActiveCfg = Release|Any CPU
		{F7A7BB97-5AA1-4A23-969D-0160C486BEFF}.Release|Any CPU.Build.0 = Release|Any CPU
		{CF1B8AEE-FFF4-439D-8F67-EB73D4E012C7}.Debug|Any CPU.ActiveCfg = Debug|Any CPU
		{CF1B8AEE-FFF4-439D-8F67-EB73D4E012C7}.Debug|Any CPU.Build.0 = Debug|Any CPU
		{CF1B8AEE-FFF4-439D-8F67-EB73D4E012C7}.Release|Any CPU.ActiveCfg = Release|Any CPU
		{CF1B8AEE-FFF4-439D-8F67-EB73D4E012C7}.Release|Any CPU.Build.0 = Release|Any CPU
		{7EE55835-3D44-44EB-ADA3-F09C02FF42F3}.Debug|Any CPU.ActiveCfg = Debug|Any CPU
		{7EE55835-3D44-44EB-ADA3-F09C02FF42F3}.Debug|Any CPU.Build.0 = Debug|Any CPU
		{7EE55835-3D44-44EB-ADA3-F09C02FF42F3}.Release|Any CPU.ActiveCfg = Release|Any CPU
		{7EE55835-3D44-44EB-ADA3-F09C02FF42F3}.Release|Any CPU.Build.0 = Release|Any CPU
	EndGlobalSection
	GlobalSection(SolutionProperties) = preSolution
		HideSolutionNode = FALSE
	EndGlobalSection
	GlobalSection(NestedProjects) = preSolution
		{1FE7F855-27F2-4C1D-B6CB-7346CB99B29A} = {02EA681E-C7D8-13C7-8484-4AC65E1B71E8}
		{D277D83E-CDC6-4F3A-8E1F-314C52F987D9} = {02EA681E-C7D8-13C7-8484-4AC65E1B71E8}
		{ADA91E19-D19B-40C6-9F30-A762E7AB5C59} = {02EA681E-C7D8-13C7-8484-4AC65E1B71E8}
		{F7A7BB97-5AA1-4A23-969D-0160C486BEFF} = {E3050090-C084-4D26-A683-B2BAC19D78C2}
		{CF1B8AEE-FFF4-439D-8F67-EB73D4E012C7} = {E3050090-C084-4D26-A683-B2BAC19D78C2}
		{7EE55835-3D44-44EB-ADA3-F09C02FF42F3} = {E3050090-C084-4D26-A683-B2BAC19D78C2}
	EndGlobalSection
	GlobalSection(ExtensibilityGlobals) = postSolution
		SolutionGuid = {572F7E85-E80A-4C41-806B-98A23A24E629}
	EndGlobalSection
EndGlobal
